// !$*UTF8*$!
{
	archiveVersion = 1;
	classes = {
	};
	objectVersion = 55;
	objects = {

/* Begin PBXBuildFile section */
		039C30B5289C3BA0006644DD /* e.png in Resources */ = {isa = PBXBuildFile; fileRef = 039C307F289C3B9A006644DD /* e.png */; };
		039C30B6289C3BA0006644DD /* j.png in Resources */ = {isa = PBXBuildFile; fileRef = 039C3080289C3B9A006644DD /* j.png */; };
		039C30B7289C3BA0006644DD /* anew.png in Resources */ = {isa = PBXBuildFile; fileRef = 039C3081289C3B9A006644DD /* anew.png */; };
		039C30B8289C3BA0006644DD /* y.png in Resources */ = {isa = PBXBuildFile; fileRef = 039C3082289C3B9A006644DD /* y.png */; };
		039C30B9289C3BA0006644DD /* bnew.png in Resources */ = {isa = PBXBuildFile; fileRef = 039C3083289C3B9A006644DD /* bnew.png */; };
		039C30BA289C3BA0006644DD /* playbuttonnew.png in Resources */ = {isa = PBXBuildFile; fileRef = 039C3084289C3B9A006644DD /* playbuttonnew.png */; };
		039C30BB289C3BA0006644DD /* aboutbackround.png in Resources */ = {isa = PBXBuildFile; fileRef = 039C3085289C3B9A006644DD /* aboutbackround.png */; };
		039C30BC289C3BA0006644DD /* a.png in Resources */ = {isa = PBXBuildFile; fileRef = 039C3086289C3B9B006644DD /* a.png */; };
		039C30BD289C3BA0006644DD /* anoshadow.png in Resources */ = {isa = PBXBuildFile; fileRef = 039C3087289C3B9B006644DD /* anoshadow.png */; };
		039C30BE289C3BA0006644DD /* playicon.png in Resources */ = {isa = PBXBuildFile; fileRef = 039C3088289C3B9B006644DD /* playicon.png */; };
		039C30BF289C3BA0006644DD /* stars.png in Resources */ = {isa = PBXBuildFile; fileRef = 039C3089289C3B9B006644DD /* stars.png */; };
		039C30C0289C3BA0006644DD /* x.png in Resources */ = {isa = PBXBuildFile; fileRef = 039C308A289C3B9B006644DD /* x.png */; };
		039C30C1289C3BA0006644DD /* k.png in Resources */ = {isa = PBXBuildFile; fileRef = 039C308B289C3B9B006644DD /* k.png */; };
		039C30C2289C3BA0006644DD /* alphabet.png in Resources */ = {isa = PBXBuildFile; fileRef = 039C308C289C3B9B006644DD /* alphabet.png */; };
		039C30C3289C3BA0006644DD /* ic_launcher_foreground.xml in Resources */ = {isa = PBXBuildFile; fileRef = 039C308D289C3B9B006644DD /* ic_launcher_foreground.xml */; };
		039C30C4289C3BA0006644DD /* l.png in Resources */ = {isa = PBXBuildFile; fileRef = 039C308E289C3B9B006644DD /* l.png */; };
		039C30C5289C3BA0006644DD /* homewhitebig.png in Resources */ = {isa = PBXBuildFile; fileRef = 039C308F289C3B9B006644DD /* homewhitebig.png */; };
		039C30C6289C3BA0006644DD /* m.png in Resources */ = {isa = PBXBuildFile; fileRef = 039C3090289C3B9B006644DD /* m.png */; };
		039C30C7289C3BA0006644DD /* mybutton.xml in Resources */ = {isa = PBXBuildFile; fileRef = 039C3091289C3B9B006644DD /* mybutton.xml */; };
		039C30C8289C3BA0006644DD /* correct.png in Resources */ = {isa = PBXBuildFile; fileRef = 039C3092289C3B9B006644DD /* correct.png */; };
		039C30C9289C3BA0006644DD /* aforapplenoshadow.png in Resources */ = {isa = PBXBuildFile; fileRef = 039C3093289C3B9B006644DD /* aforapplenoshadow.png */; };
		039C30CA289C3BA0006644DD /* abcnew.png in Resources */ = {isa = PBXBuildFile; fileRef = 039C3094289C3B9B006644DD /* abcnew.png */; };
		039C30CB289C3BA0006644DD /* eugeneb.png in Resources */ = {isa = PBXBuildFile; fileRef = 039C3095289C3B9C006644DD /* eugeneb.png */; };
		039C30CC289C3BA0006644DD /* s.png in Resources */ = {isa = PBXBuildFile; fileRef = 039C3096289C3B9C006644DD /* s.png */; };
		039C30CD289C3BA0006644DD /* homewhite.png in Resources */ = {isa = PBXBuildFile; fileRef = 039C3097289C3B9C006644DD /* homewhite.png */; };
		039C30CE289C3BA0006644DD /* u.png in Resources */ = {isa = PBXBuildFile; fileRef = 039C3098289C3B9E006644DD /* u.png */; };
		039C30CF289C3BA0006644DD /* f.png in Resources */ = {isa = PBXBuildFile; fileRef = 039C3099289C3B9E006644DD /* f.png */; };
		039C30D0289C3BA0006644DD /* v.png in Resources */ = {isa = PBXBuildFile; fileRef = 039C309A289C3B9E006644DD /* v.png */; };
		039C30D1289C3BA0006644DD /* t.png in Resources */ = {isa = PBXBuildFile; fileRef = 039C309B289C3B9E006644DD /* t.png */; };
		039C30D2289C3BA0006644DD /* p.png in Resources */ = {isa = PBXBuildFile; fileRef = 039C309C289C3B9E006644DD /* p.png */; };
		039C30D3289C3BA0006644DD /* i.png in Resources */ = {isa = PBXBuildFile; fileRef = 039C309D289C3B9E006644DD /* i.png */; };
		039C30D4289C3BA0006644DD /* bnoshadow.png in Resources */ = {isa = PBXBuildFile; fileRef = 039C309E289C3B9E006644DD /* bnoshadow.png */; };
		039C30D5289C3BA0006644DD /* play.png in Resources */ = {isa = PBXBuildFile; fileRef = 039C309F289C3B9E006644DD /* play.png */; };
		039C30D6289C3BA0006644DD /* r.png in Resources */ = {isa = PBXBuildFile; fileRef = 039C30A0289C3B9F006644DD /* r.png */; };
		039C30D7289C3BA0006644DD /* aforapplenshadow.png in Resources */ = {isa = PBXBuildFile; fileRef = 039C30A1289C3B9F006644DD /* aforapplenshadow.png */; };
		039C30D8289C3BA0006644DD /* incorrectsmall.png in Resources */ = {isa = PBXBuildFile; fileRef = 039C30A2289C3B9F006644DD /* incorrectsmall.png */; };
		039C30D9289C3BA0006644DD /* o.png in Resources */ = {isa = PBXBuildFile; fileRef = 039C30A3289C3B9F006644DD /* o.png */; };
		039C30DA289C3BA0006644DD /* w.png in Resources */ = {isa = PBXBuildFile; fileRef = 039C30A4289C3B9F006644DD /* w.png */; };
		039C30DB289C3BA0006644DD /* aforapple.png in Resources */ = {isa = PBXBuildFile; fileRef = 039C30A5289C3B9F006644DD /* aforapple.png */; };
		039C30DC289C3BA0006644DD /* cnoshadow.png in Resources */ = {isa = PBXBuildFile; fileRef = 039C30A6289C3B9F006644DD /* cnoshadow.png */; };
		039C30DD289C3BA0006644DD /* g.png in Resources */ = {isa = PBXBuildFile; fileRef = 039C30A7289C3B9F006644DD /* g.png */; };
		039C30DE289C3BA0006644DD /* incorrect.png in Resources */ = {isa = PBXBuildFile; fileRef = 039C30A8289C3B9F006644DD /* incorrect.png */; };
		039C30DF289C3BA0006644DD /* d.png in Resources */ = {isa = PBXBuildFile; fileRef = 039C30A9289C3B9F006644DD /* d.png */; };
		039C30E0289C3BA0006644DD /* cnew.png in Resources */ = {isa = PBXBuildFile; fileRef = 039C30AA289C3B9F006644DD /* cnew.png */; };
		039C30E1289C3BA0006644DD /* correctsmall.png in Resources */ = {isa = PBXBuildFile; fileRef = 039C30AB289C3B9F006644DD /* correctsmall.png */; };
		039C30E2289C3BA0006644DD /* c.png in Resources */ = {isa = PBXBuildFile; fileRef = 039C30AC289C3B9F006644DD /* c.png */; };
		039C30E3289C3BA0006644DD /* logo.png in Resources */ = {isa = PBXBuildFile; fileRef = 039C30AD289C3B9F006644DD /* logo.png */; };
		039C30E4289C3BA0006644DD /* n.png in Resources */ = {isa = PBXBuildFile; fileRef = 039C30AE289C3B9F006644DD /* n.png */; };
		039C30E5289C3BA0006644DD /* h.png in Resources */ = {isa = PBXBuildFile; fileRef = 039C30AF289C3B9F006644DD /* h.png */; };
		039C30E6289C3BA0006644DD /* untitled.png in Resources */ = {isa = PBXBuildFile; fileRef = 039C30B0289C3B9F006644DD /* untitled.png */; };
		039C30E7289C3BA0006644DD /* z.png in Resources */ = {isa = PBXBuildFile; fileRef = 039C30B1289C3B9F006644DD /* z.png */; };
		039C30E8289C3BA0006644DD /* b.png in Resources */ = {isa = PBXBuildFile; fileRef = 039C30B2289C3BA0006644DD /* b.png */; };
		039C30E9289C3BA0006644DD /* home.png in Resources */ = {isa = PBXBuildFile; fileRef = 039C30B3289C3BA0006644DD /* home.png */; };
		039C30EA289C3BA0006644DD /* q.png in Resources */ = {isa = PBXBuildFile; fileRef = 039C30B4289C3BA0006644DD /* q.png */; };
		039C30F0289D5EA2006644DD /* SuccessViewController.swift in Sources */ = {isa = PBXBuildFile; fileRef = 039C30EF289D5EA2006644DD /* SuccessViewController.swift */; };
		03DA4C50289B43BB00D52400 /* c.mp3 in Resources */ = {isa = PBXBuildFile; fileRef = 03DA4C4B289B43BA00D52400 /* c.mp3 */; };
		03DA4C51289B43BB00D52400 /* b.mp3 in Resources */ = {isa = PBXBuildFile; fileRef = 03DA4C4C289B43BB00D52400 /* b.mp3 */; };
		03DA4C52289B43BB00D52400 /* a.mp3 in Resources */ = {isa = PBXBuildFile; fileRef = 03DA4C4D289B43BB00D52400 /* a.mp3 */; };
		03DA4C53289B43BB00D52400 /* d.mp3 in Resources */ = {isa = PBXBuildFile; fileRef = 03DA4C4E289B43BB00D52400 /* d.mp3 */; };
		03DA4C54289B43BB00D52400 /* e.mp3 in Resources */ = {isa = PBXBuildFile; fileRef = 03DA4C4F289B43BB00D52400 /* e.mp3 */; };
		03F8C6F628980EFE00C9A945 /* AppDelegate.swift in Sources */ = {isa = PBXBuildFile; fileRef = 03F8C6F528980EFE00C9A945 /* AppDelegate.swift */; };
		03F8C6F828980EFE00C9A945 /* SceneDelegate.swift in Sources */ = {isa = PBXBuildFile; fileRef = 03F8C6F728980EFE00C9A945 /* SceneDelegate.swift */; };
		03F8C6FA28980EFE00C9A945 /* ViewController.swift in Sources */ = {isa = PBXBuildFile; fileRef = 03F8C6F928980EFE00C9A945 /* ViewController.swift */; };
		03F8C6FD28980EFE00C9A945 /* Main.storyboard in Resources */ = {isa = PBXBuildFile; fileRef = 03F8C6FB28980EFE00C9A945 /* Main.storyboard */; };
		03F8C6FF28980F0000C9A945 /* Assets.xcassets in Resources */ = {isa = PBXBuildFile; fileRef = 03F8C6FE28980F0000C9A945 /* Assets.xcassets */; };
		03F8C70228980F0000C9A945 /* LaunchScreen.storyboard in Resources */ = {isa = PBXBuildFile; fileRef = 03F8C70028980F0000C9A945 /* LaunchScreen.storyboard */; };
		03F8C70D28980F0000C9A945 /* EugeneTest1Tests.swift in Sources */ = {isa = PBXBuildFile; fileRef = 03F8C70C28980F0000C9A945 /* EugeneTest1Tests.swift */; };
		03F8C71728980F0000C9A945 /* EugeneTest1UITests.swift in Sources */ = {isa = PBXBuildFile; fileRef = 03F8C71628980F0000C9A945 /* EugeneTest1UITests.swift */; };
		03F8C71928980F0000C9A945 /* EugeneTest1UITestsLaunchTests.swift in Sources */ = {isa = PBXBuildFile; fileRef = 03F8C71828980F0000C9A945 /* EugeneTest1UITestsLaunchTests.swift */; };
		03F8C726289836BC00C9A945 /* FirstViewController.swift in Sources */ = {isa = PBXBuildFile; fileRef = 03F8C725289836BB00C9A945 /* FirstViewController.swift */; };
		03F8C728289836D400C9A945 /* SecondViewController.swift in Sources */ = {isa = PBXBuildFile; fileRef = 03F8C727289836D400C9A945 /* SecondViewController.swift */; };
		03F8C72A289836E700C9A945 /* ThirdViewController.swift in Sources */ = {isa = PBXBuildFile; fileRef = 03F8C729289836E700C9A945 /* ThirdViewController.swift */; };
/* End PBXBuildFile section */

/* Begin PBXContainerItemProxy section */
		03F8C70928980F0000C9A945 /* PBXContainerItemProxy */ = {
			isa = PBXContainerItemProxy;
			containerPortal = 03F8C6EA28980EFE00C9A945 /* Project object */;
			proxyType = 1;
			remoteGlobalIDString = 03F8C6F128980EFE00C9A945;
			remoteInfo = EugeneTest1;
		};
		03F8C71328980F0000C9A945 /* PBXContainerItemProxy */ = {
			isa = PBXContainerItemProxy;
			containerPortal = 03F8C6EA28980EFE00C9A945 /* Project object */;
			proxyType = 1;
			remoteGlobalIDString = 03F8C6F128980EFE00C9A945;
			remoteInfo = EugeneTest1;
		};
/* End PBXContainerItemProxy section */

/* Begin PBXFileReference section */
		039C307F289C3B9A006644DD /* e.png */ = {isa = PBXFileReference; lastKnownFileType = image.png; path = e.png; sourceTree = "<group>"; };
		039C3080289C3B9A006644DD /* j.png */ = {isa = PBXFileReference; lastKnownFileType = image.png; path = j.png; sourceTree = "<group>"; };
		039C3081289C3B9A006644DD /* anew.png */ = {isa = PBXFileReference; lastKnownFileType = image.png; path = anew.png; sourceTree = "<group>"; };
		039C3082289C3B9A006644DD /* y.png */ = {isa = PBXFileReference; lastKnownFileType = image.png; path = y.png; sourceTree = "<group>"; };
		039C3083289C3B9A006644DD /* bnew.png */ = {isa = PBXFileReference; lastKnownFileType = image.png; path = bnew.png; sourceTree = "<group>"; };
		039C3084289C3B9A006644DD /* playbuttonnew.png */ = {isa = PBXFileReference; lastKnownFileType = image.png; path = playbuttonnew.png; sourceTree = "<group>"; };
		039C3085289C3B9A006644DD /* aboutbackround.png */ = {isa = PBXFileReference; lastKnownFileType = image.png; path = aboutbackround.png; sourceTree = "<group>"; };
		039C3086289C3B9B006644DD /* a.png */ = {isa = PBXFileReference; lastKnownFileType = image.png; path = a.png; sourceTree = "<group>"; };
		039C3087289C3B9B006644DD /* anoshadow.png */ = {isa = PBXFileReference; lastKnownFileType = image.png; path = anoshadow.png; sourceTree = "<group>"; };
		039C3088289C3B9B006644DD /* playicon.png */ = {isa = PBXFileReference; lastKnownFileType = image.png; path = playicon.png; sourceTree = "<group>"; };
		039C3089289C3B9B006644DD /* stars.png */ = {isa = PBXFileReference; lastKnownFileType = image.png; path = stars.png; sourceTree = "<group>"; };
		039C308A289C3B9B006644DD /* x.png */ = {isa = PBXFileReference; lastKnownFileType = image.png; path = x.png; sourceTree = "<group>"; };
		039C308B289C3B9B006644DD /* k.png */ = {isa = PBXFileReference; lastKnownFileType = image.png; path = k.png; sourceTree = "<group>"; };
		039C308C289C3B9B006644DD /* alphabet.png */ = {isa = PBXFileReference; lastKnownFileType = image.png; path = alphabet.png; sourceTree = "<group>"; };
		039C308D289C3B9B006644DD /* ic_launcher_foreground.xml */ = {isa = PBXFileReference; fileEncoding = 4; lastKnownFileType = text.xml; path = ic_launcher_foreground.xml; sourceTree = "<group>"; };
		039C308E289C3B9B006644DD /* l.png */ = {isa = PBXFileReference; lastKnownFileType = image.png; path = l.png; sourceTree = "<group>"; };
		039C308F289C3B9B006644DD /* homewhitebig.png */ = {isa = PBXFileReference; lastKnownFileType = image.png; path = homewhitebig.png; sourceTree = "<group>"; };
		039C3090289C3B9B006644DD /* m.png */ = {isa = PBXFileReference; lastKnownFileType = image.png; path = m.png; sourceTree = "<group>"; };
		039C3091289C3B9B006644DD /* mybutton.xml */ = {isa = PBXFileReference; fileEncoding = 4; lastKnownFileType = text.xml; path = mybutton.xml; sourceTree = "<group>"; };
		039C3092289C3B9B006644DD /* correct.png */ = {isa = PBXFileReference; lastKnownFileType = image.png; path = correct.png; sourceTree = "<group>"; };
		039C3093289C3B9B006644DD /* aforapplenoshadow.png */ = {isa = PBXFileReference; lastKnownFileType = image.png; path = aforapplenoshadow.png; sourceTree = "<group>"; };
		039C3094289C3B9B006644DD /* abcnew.png */ = {isa = PBXFileReference; lastKnownFileType = image.png; path = abcnew.png; sourceTree = "<group>"; };
		039C3095289C3B9C006644DD /* eugeneb.png */ = {isa = PBXFileReference; lastKnownFileType = image.png; path = eugeneb.png; sourceTree = "<group>"; };
		039C3096289C3B9C006644DD /* s.png */ = {isa = PBXFileReference; lastKnownFileType = image.png; path = s.png; sourceTree = "<group>"; };
		039C3097289C3B9C006644DD /* homewhite.png */ = {isa = PBXFileReference; lastKnownFileType = image.png; path = homewhite.png; sourceTree = "<group>"; };
		039C3098289C3B9E006644DD /* u.png */ = {isa = PBXFileReference; lastKnownFileType = image.png; path = u.png; sourceTree = "<group>"; };
		039C3099289C3B9E006644DD /* f.png */ = {isa = PBXFileReference; lastKnownFileType = image.png; path = f.png; sourceTree = "<group>"; };
		039C309A289C3B9E006644DD /* v.png */ = {isa = PBXFileReference; lastKnownFileType = image.png; path = v.png; sourceTree = "<group>"; };
		039C309B289C3B9E006644DD /* t.png */ = {isa = PBXFileReference; lastKnownFileType = image.png; path = t.png; sourceTree = "<group>"; };
		039C309C289C3B9E006644DD /* p.png */ = {isa = PBXFileReference; lastKnownFileType = image.png; path = p.png; sourceTree = "<group>"; };
		039C309D289C3B9E006644DD /* i.png */ = {isa = PBXFileReference; lastKnownFileType = image.png; path = i.png; sourceTree = "<group>"; };
		039C309E289C3B9E006644DD /* bnoshadow.png */ = {isa = PBXFileReference; lastKnownFileType = image.png; path = bnoshadow.png; sourceTree = "<group>"; };
		039C309F289C3B9E006644DD /* play.png */ = {isa = PBXFileReference; lastKnownFileType = image.png; path = play.png; sourceTree = "<group>"; };
		039C30A0289C3B9F006644DD /* r.png */ = {isa = PBXFileReference; lastKnownFileType = image.png; path = r.png; sourceTree = "<group>"; };
		039C30A1289C3B9F006644DD /* aforapplenshadow.png */ = {isa = PBXFileReference; lastKnownFileType = image.png; path = aforapplenshadow.png; sourceTree = "<group>"; };
		039C30A2289C3B9F006644DD /* incorrectsmall.png */ = {isa = PBXFileReference; lastKnownFileType = image.png; path = incorrectsmall.png; sourceTree = "<group>"; };
		039C30A3289C3B9F006644DD /* o.png */ = {isa = PBXFileReference; lastKnownFileType = image.png; path = o.png; sourceTree = "<group>"; };
		039C30A4289C3B9F006644DD /* w.png */ = {isa = PBXFileReference; lastKnownFileType = image.png; path = w.png; sourceTree = "<group>"; };
		039C30A5289C3B9F006644DD /* aforapple.png */ = {isa = PBXFileReference; lastKnownFileType = image.png; path = aforapple.png; sourceTree = "<group>"; };
		039C30A6289C3B9F006644DD /* cnoshadow.png */ = {isa = PBXFileReference; lastKnownFileType = image.png; path = cnoshadow.png; sourceTree = "<group>"; };
		039C30A7289C3B9F006644DD /* g.png */ = {isa = PBXFileReference; lastKnownFileType = image.png; path = g.png; sourceTree = "<group>"; };
		039C30A8289C3B9F006644DD /* incorrect.png */ = {isa = PBXFileReference; lastKnownFileType = image.png; path = incorrect.png; sourceTree = "<group>"; };
		039C30A9289C3B9F006644DD /* d.png */ = {isa = PBXFileReference; lastKnownFileType = image.png; path = d.png; sourceTree = "<group>"; };
		039C30AA289C3B9F006644DD /* cnew.png */ = {isa = PBXFileReference; lastKnownFileType = image.png; path = cnew.png; sourceTree = "<group>"; };
		039C30AB289C3B9F006644DD /* correctsmall.png */ = {isa = PBXFileReference; lastKnownFileType = image.png; path = correctsmall.png; sourceTree = "<group>"; };
		039C30AC289C3B9F006644DD /* c.png */ = {isa = PBXFileReference; lastKnownFileType = image.png; path = c.png; sourceTree = "<group>"; };
		039C30AD289C3B9F006644DD /* logo.png */ = {isa = PBXFileReference; lastKnownFileType = image.png; path = logo.png; sourceTree = "<group>"; };
		039C30AE289C3B9F006644DD /* n.png */ = {isa = PBXFileReference; lastKnownFileType = image.png; path = n.png; sourceTree = "<group>"; };
		039C30AF289C3B9F006644DD /* h.png */ = {isa = PBXFileReference; lastKnownFileType = image.png; path = h.png; sourceTree = "<group>"; };
		039C30B0289C3B9F006644DD /* untitled.png */ = {isa = PBXFileReference; lastKnownFileType = image.png; path = untitled.png; sourceTree = "<group>"; };
		039C30B1289C3B9F006644DD /* z.png */ = {isa = PBXFileReference; lastKnownFileType = image.png; path = z.png; sourceTree = "<group>"; };
		039C30B2289C3BA0006644DD /* b.png */ = {isa = PBXFileReference; lastKnownFileType = image.png; path = b.png; sourceTree = "<group>"; };
		039C30B3289C3BA0006644DD /* home.png */ = {isa = PBXFileReference; lastKnownFileType = image.png; path = home.png; sourceTree = "<group>"; };
		039C30B4289C3BA0006644DD /* q.png */ = {isa = PBXFileReference; lastKnownFileType = image.png; path = q.png; sourceTree = "<group>"; };
		039C30EF289D5EA2006644DD /* SuccessViewController.swift */ = {isa = PBXFileReference; lastKnownFileType = sourcecode.swift; path = SuccessViewController.swift; sourceTree = "<group>"; };
		03DA4C4B289B43BA00D52400 /* c.mp3 */ = {isa = PBXFileReference; lastKnownFileType = audio.mp3; path = c.mp3; sourceTree = "<group>"; };
		03DA4C4C289B43BB00D52400 /* b.mp3 */ = {isa = PBXFileReference; lastKnownFileType = audio.mp3; path = b.mp3; sourceTree = "<group>"; };
		03DA4C4D289B43BB00D52400 /* a.mp3 */ = {isa = PBXFileReference; lastKnownFileType = audio.mp3; path = a.mp3; sourceTree = "<group>"; };
		03DA4C4E289B43BB00D52400 /* d.mp3 */ = {isa = PBXFileReference; lastKnownFileType = audio.mp3; path = d.mp3; sourceTree = "<group>"; };
		03DA4C4F289B43BB00D52400 /* e.mp3 */ = {isa = PBXFileReference; lastKnownFileType = audio.mp3; path = e.mp3; sourceTree = "<group>"; };
		03F8C6F228980EFE00C9A945 /* EugeneTest1.app */ = {isa = PBXFileReference; explicitFileType = wrapper.application; includeInIndex = 0; path = EugeneTest1.app; sourceTree = BUILT_PRODUCTS_DIR; };
		03F8C6F528980EFE00C9A945 /* AppDelegate.swift */ = {isa = PBXFileReference; lastKnownFileType = sourcecode.swift; path = AppDelegate.swift; sourceTree = "<group>"; };
		03F8C6F728980EFE00C9A945 /* SceneDelegate.swift */ = {isa = PBXFileReference; lastKnownFileType = sourcecode.swift; path = SceneDelegate.swift; sourceTree = "<group>"; };
		03F8C6F928980EFE00C9A945 /* ViewController.swift */ = {isa = PBXFileReference; lastKnownFileType = sourcecode.swift; path = ViewController.swift; sourceTree = "<group>"; };
		03F8C6FC28980EFE00C9A945 /* Base */ = {isa = PBXFileReference; lastKnownFileType = file.storyboard; name = Base; path = Base.lproj/Main.storyboard; sourceTree = "<group>"; };
		03F8C6FE28980F0000C9A945 /* Assets.xcassets */ = {isa = PBXFileReference; lastKnownFileType = folder.assetcatalog; path = Assets.xcassets; sourceTree = "<group>"; };
		03F8C70128980F0000C9A945 /* Base */ = {isa = PBXFileReference; lastKnownFileType = file.storyboard; name = Base; path = Base.lproj/LaunchScreen.storyboard; sourceTree = "<group>"; };
		03F8C70328980F0000C9A945 /* Info.plist */ = {isa = PBXFileReference; lastKnownFileType = text.plist.xml; path = Info.plist; sourceTree = "<group>"; };
		03F8C70828980F0000C9A945 /* EugeneTest1Tests.xctest */ = {isa = PBXFileReference; explicitFileType = wrapper.cfbundle; includeInIndex = 0; path = EugeneTest1Tests.xctest; sourceTree = BUILT_PRODUCTS_DIR; };
		03F8C70C28980F0000C9A945 /* EugeneTest1Tests.swift */ = {isa = PBXFileReference; lastKnownFileType = sourcecode.swift; path = EugeneTest1Tests.swift; sourceTree = "<group>"; };
		03F8C71228980F0000C9A945 /* EugeneTest1UITests.xctest */ = {isa = PBXFileReference; explicitFileType = wrapper.cfbundle; includeInIndex = 0; path = EugeneTest1UITests.xctest; sourceTree = BUILT_PRODUCTS_DIR; };
		03F8C71628980F0000C9A945 /* EugeneTest1UITests.swift */ = {isa = PBXFileReference; lastKnownFileType = sourcecode.swift; path = EugeneTest1UITests.swift; sourceTree = "<group>"; };
		03F8C71828980F0000C9A945 /* EugeneTest1UITestsLaunchTests.swift */ = {isa = PBXFileReference; lastKnownFileType = sourcecode.swift; path = EugeneTest1UITestsLaunchTests.swift; sourceTree = "<group>"; };
		03F8C725289836BB00C9A945 /* FirstViewController.swift */ = {isa = PBXFileReference; lastKnownFileType = sourcecode.swift; path = FirstViewController.swift; sourceTree = "<group>"; };
		03F8C727289836D400C9A945 /* SecondViewController.swift */ = {isa = PBXFileReference; lastKnownFileType = sourcecode.swift; path = SecondViewController.swift; sourceTree = "<group>"; };
		03F8C729289836E700C9A945 /* ThirdViewController.swift */ = {isa = PBXFileReference; lastKnownFileType = sourcecode.swift; path = ThirdViewController.swift; sourceTree = "<group>"; };
/* End PBXFileReference section */

/* Begin PBXFrameworksBuildPhase section */
		03F8C6EF28980EFE00C9A945 /* Frameworks */ = {
			isa = PBXFrameworksBuildPhase;
			buildActionMask = 2147483647;
			files = (
			);
			runOnlyForDeploymentPostprocessing = 0;
		};
		03F8C70528980F0000C9A945 /* Frameworks */ = {
			isa = PBXFrameworksBuildPhase;
			buildActionMask = 2147483647;
			files = (
			);
			runOnlyForDeploymentPostprocessing = 0;
		};
		03F8C70F28980F0000C9A945 /* Frameworks */ = {
			isa = PBXFrameworksBuildPhase;
			buildActionMask = 2147483647;
			files = (
			);
			runOnlyForDeploymentPostprocessing = 0;
		};
/* End PBXFrameworksBuildPhase section */

/* Begin PBXGroup section */
		039C307E289C3AEC006644DD /* imagesGroup */ = {
			isa = PBXGroup;
			children = (
				039C3086289C3B9B006644DD /* a.png */,
				039C3094289C3B9B006644DD /* abcnew.png */,
				039C3085289C3B9A006644DD /* aboutbackround.png */,
				039C30A5289C3B9F006644DD /* aforapple.png */,
				039C3093289C3B9B006644DD /* aforapplenoshadow.png */,
				039C30A1289C3B9F006644DD /* aforapplenshadow.png */,
				039C308C289C3B9B006644DD /* alphabet.png */,
				039C3081289C3B9A006644DD /* anew.png */,
				039C3087289C3B9B006644DD /* anoshadow.png */,
				039C30B2289C3BA0006644DD /* b.png */,
				039C3083289C3B9A006644DD /* bnew.png */,
				039C309E289C3B9E006644DD /* bnoshadow.png */,
				039C30AC289C3B9F006644DD /* c.png */,
				039C30AA289C3B9F006644DD /* cnew.png */,
				039C30A6289C3B9F006644DD /* cnoshadow.png */,
				039C3092289C3B9B006644DD /* correct.png */,
				039C30AB289C3B9F006644DD /* correctsmall.png */,
				039C30A9289C3B9F006644DD /* d.png */,
				039C307F289C3B9A006644DD /* e.png */,
				039C3095289C3B9C006644DD /* eugeneb.png */,
				039C3099289C3B9E006644DD /* f.png */,
				039C30A7289C3B9F006644DD /* g.png */,
				039C30AF289C3B9F006644DD /* h.png */,
				039C30B3289C3BA0006644DD /* home.png */,
				039C3097289C3B9C006644DD /* homewhite.png */,
				039C308F289C3B9B006644DD /* homewhitebig.png */,
				039C309D289C3B9E006644DD /* i.png */,
				039C308D289C3B9B006644DD /* ic_launcher_foreground.xml */,
				039C30A8289C3B9F006644DD /* incorrect.png */,
				039C30A2289C3B9F006644DD /* incorrectsmall.png */,
				039C3080289C3B9A006644DD /* j.png */,
				039C308B289C3B9B006644DD /* k.png */,
				039C308E289C3B9B006644DD /* l.png */,
				039C30AD289C3B9F006644DD /* logo.png */,
				039C3090289C3B9B006644DD /* m.png */,
				039C3091289C3B9B006644DD /* mybutton.xml */,
				039C30AE289C3B9F006644DD /* n.png */,
				039C30A3289C3B9F006644DD /* o.png */,
				039C309C289C3B9E006644DD /* p.png */,
				039C309F289C3B9E006644DD /* play.png */,
				039C3084289C3B9A006644DD /* playbuttonnew.png */,
				039C3088289C3B9B006644DD /* playicon.png */,
				039C30B4289C3BA0006644DD /* q.png */,
				039C30A0289C3B9F006644DD /* r.png */,
				039C3096289C3B9C006644DD /* s.png */,
				039C3089289C3B9B006644DD /* stars.png */,
				039C309B289C3B9E006644DD /* t.png */,
				039C3098289C3B9E006644DD /* u.png */,
				039C30B0289C3B9F006644DD /* untitled.png */,
				039C309A289C3B9E006644DD /* v.png */,
				039C30A4289C3B9F006644DD /* w.png */,
				039C308A289C3B9B006644DD /* x.png */,
				039C3082289C3B9A006644DD /* y.png */,
				039C30B1289C3B9F006644DD /* z.png */,
			);
			path = imagesGroup;
			sourceTree = "<group>";
		};
		03DA4C55289B449D00D52400 /* soundsGroup */ = {
			isa = PBXGroup;
			children = (
				03DA4C4D289B43BB00D52400 /* a.mp3 */,
				03DA4C4C289B43BB00D52400 /* b.mp3 */,
				03DA4C4B289B43BA00D52400 /* c.mp3 */,
				03DA4C4E289B43BB00D52400 /* d.mp3 */,
				03DA4C4F289B43BB00D52400 /* e.mp3 */,
			);
			path = soundsGroup;
			sourceTree = "<group>";
		};
		03F8C6E928980EFE00C9A945 = {
			isa = PBXGroup;
			children = (
				03F8C6F428980EFE00C9A945 /* EugeneTest1 */,
				03F8C70B28980F0000C9A945 /* EugeneTest1Tests */,
				03F8C71528980F0000C9A945 /* EugeneTest1UITests */,
				03F8C6F328980EFE00C9A945 /* Products */,
			);
			sourceTree = "<group>";
		};
		03F8C6F328980EFE00C9A945 /* Products */ = {
			isa = PBXGroup;
			children = (
				03F8C6F228980EFE00C9A945 /* EugeneTest1.app */,
				03F8C70828980F0000C9A945 /* EugeneTest1Tests.xctest */,
				03F8C71228980F0000C9A945 /* EugeneTest1UITests.xctest */,
			);
			name = Products;
			sourceTree = "<group>";
		};
		03F8C6F428980EFE00C9A945 /* EugeneTest1 */ = {
			isa = PBXGroup;
			children = (
				039C307E289C3AEC006644DD /* imagesGroup */,
				03DA4C55289B449D00D52400 /* soundsGroup */,
				03F8C6F528980EFE00C9A945 /* AppDelegate.swift */,
				03F8C6F728980EFE00C9A945 /* SceneDelegate.swift */,
				03F8C6F928980EFE00C9A945 /* ViewController.swift */,
				03F8C725289836BB00C9A945 /* FirstViewController.swift */,
				03F8C727289836D400C9A945 /* SecondViewController.swift */,
				03F8C729289836E700C9A945 /* ThirdViewController.swift */,
				039C30EF289D5EA2006644DD /* SuccessViewController.swift */,
				03F8C6FB28980EFE00C9A945 /* Main.storyboard */,
				03F8C6FE28980F0000C9A945 /* Assets.xcassets */,
				03F8C70028980F0000C9A945 /* LaunchScreen.storyboard */,
				03F8C70328980F0000C9A945 /* Info.plist */,
			);
			path = EugeneTest1;
			sourceTree = "<group>";
		};
		03F8C70B28980F0000C9A945 /* EugeneTest1Tests */ = {
			isa = PBXGroup;
			children = (
				03F8C70C28980F0000C9A945 /* EugeneTest1Tests.swift */,
			);
			path = EugeneTest1Tests;
			sourceTree = "<group>";
		};
		03F8C71528980F0000C9A945 /* EugeneTest1UITests */ = {
			isa = PBXGroup;
			children = (
				03F8C71628980F0000C9A945 /* EugeneTest1UITests.swift */,
				03F8C71828980F0000C9A945 /* EugeneTest1UITestsLaunchTests.swift */,
			);
			path = EugeneTest1UITests;
			sourceTree = "<group>";
		};
/* End PBXGroup section */

/* Begin PBXNativeTarget section */
		03F8C6F128980EFE00C9A945 /* EugeneTest1 */ = {
			isa = PBXNativeTarget;
			buildConfigurationList = 03F8C71C28980F0000C9A945 /* Build configuration list for PBXNativeTarget "EugeneTest1" */;
			buildPhases = (
				03F8C6EE28980EFE00C9A945 /* Sources */,
				03F8C6EF28980EFE00C9A945 /* Frameworks */,
				03F8C6F028980EFE00C9A945 /* Resources */,
			);
			buildRules = (
			);
			dependencies = (
			);
			name = EugeneTest1;
			productName = EugeneTest1;
			productReference = 03F8C6F228980EFE00C9A945 /* EugeneTest1.app */;
			productType = "com.apple.product-type.application";
		};
		03F8C70728980F0000C9A945 /* EugeneTest1Tests */ = {
			isa = PBXNativeTarget;
			buildConfigurationList = 03F8C71F28980F0000C9A945 /* Build configuration list for PBXNativeTarget "EugeneTest1Tests" */;
			buildPhases = (
				03F8C70428980F0000C9A945 /* Sources */,
				03F8C70528980F0000C9A945 /* Frameworks */,
				03F8C70628980F0000C9A945 /* Resources */,
			);
			buildRules = (
			);
			dependencies = (
				03F8C70A28980F0000C9A945 /* PBXTargetDependency */,
			);
			name = EugeneTest1Tests;
			productName = EugeneTest1Tests;
			productReference = 03F8C70828980F0000C9A945 /* EugeneTest1Tests.xctest */;
			productType = "com.apple.product-type.bundle.unit-test";
		};
		03F8C71128980F0000C9A945 /* EugeneTest1UITests */ = {
			isa = PBXNativeTarget;
			buildConfigurationList = 03F8C72228980F0000C9A945 /* Build configuration list for PBXNativeTarget "EugeneTest1UITests" */;
			buildPhases = (
				03F8C70E28980F0000C9A945 /* Sources */,
				03F8C70F28980F0000C9A945 /* Frameworks */,
				03F8C71028980F0000C9A945 /* Resources */,
			);
			buildRules = (
			);
			dependencies = (
				03F8C71428980F0000C9A945 /* PBXTargetDependency */,
			);
			name = EugeneTest1UITests;
			productName = EugeneTest1UITests;
			productReference = 03F8C71228980F0000C9A945 /* EugeneTest1UITests.xctest */;
			productType = "com.apple.product-type.bundle.ui-testing";
		};
/* End PBXNativeTarget section */

/* Begin PBXProject section */
		03F8C6EA28980EFE00C9A945 /* Project object */ = {
			isa = PBXProject;
			attributes = {
				BuildIndependentTargetsInParallel = 1;
				LastSwiftUpdateCheck = 1340;
				LastUpgradeCheck = 1340;
				TargetAttributes = {
					03F8C6F128980EFE00C9A945 = {
						CreatedOnToolsVersion = 13.4.1;
					};
					03F8C70728980F0000C9A945 = {
						CreatedOnToolsVersion = 13.4.1;
						TestTargetID = 03F8C6F128980EFE00C9A945;
					};
					03F8C71128980F0000C9A945 = {
						CreatedOnToolsVersion = 13.4.1;
						TestTargetID = 03F8C6F128980EFE00C9A945;
					};
				};
			};
			buildConfigurationList = 03F8C6ED28980EFE00C9A945 /* Build configuration list for PBXProject "EugeneTest1" */;
			compatibilityVersion = "Xcode 13.0";
			developmentRegion = en;
			hasScannedForEncodings = 0;
			knownRegions = (
				en,
				Base,
			);
			mainGroup = 03F8C6E928980EFE00C9A945;
			productRefGroup = 03F8C6F328980EFE00C9A945 /* Products */;
			projectDirPath = "";
			projectRoot = "";
			targets = (
				03F8C6F128980EFE00C9A945 /* EugeneTest1 */,
				03F8C70728980F0000C9A945 /* EugeneTest1Tests */,
				03F8C71128980F0000C9A945 /* EugeneTest1UITests */,
			);
		};
/* End PBXProject section */

/* Begin PBXResourcesBuildPhase section */
		03F8C6F028980EFE00C9A945 /* Resources */ = {
			isa = PBXResourcesBuildPhase;
			buildActionMask = 2147483647;
			files = (
				039C30B7289C3BA0006644DD /* anew.png in Resources */,
				039C30CE289C3BA0006644DD /* u.png in Resources */,
				039C30B6289C3BA0006644DD /* j.png in Resources */,
				039C30E2289C3BA0006644DD /* c.png in Resources */,
				039C30D1289C3BA0006644DD /* t.png in Resources */,
				03DA4C54289B43BB00D52400 /* e.mp3 in Resources */,
				039C30E8289C3BA0006644DD /* b.png in Resources */,
				03DA4C52289B43BB00D52400 /* a.mp3 in Resources */,
				039C30CD289C3BA0006644DD /* homewhite.png in Resources */,
				039C30C7289C3BA0006644DD /* mybutton.xml in Resources */,
				039C30C2289C3BA0006644DD /* alphabet.png in Resources */,
				039C30BA289C3BA0006644DD /* playbuttonnew.png in Resources */,
				03DA4C53289B43BB00D52400 /* d.mp3 in Resources */,
				039C30BF289C3BA0006644DD /* stars.png in Resources */,
				039C30D6289C3BA0006644DD /* r.png in Resources */,
				039C30E4289C3BA0006644DD /* n.png in Resources */,
				03F8C70228980F0000C9A945 /* LaunchScreen.storyboard in Resources */,
				039C30EA289C3BA0006644DD /* q.png in Resources */,
				03DA4C51289B43BB00D52400 /* b.mp3 in Resources */,
				039C30CC289C3BA0006644DD /* s.png in Resources */,
				039C30BD289C3BA0006644DD /* anoshadow.png in Resources */,
				03F8C6FF28980F0000C9A945 /* Assets.xcassets in Resources */,
				039C30DF289C3BA0006644DD /* d.png in Resources */,
				039C30D7289C3BA0006644DD /* aforapplenshadow.png in Resources */,
				039C30DB289C3BA0006644DD /* aforapple.png in Resources */,
				039C30CB289C3BA0006644DD /* eugeneb.png in Resources */,
				039C30D2289C3BA0006644DD /* p.png in Resources */,
				039C30DC289C3BA0006644DD /* cnoshadow.png in Resources */,
				039C30C4289C3BA0006644DD /* l.png in Resources */,
				039C30D0289C3BA0006644DD /* v.png in Resources */,
				039C30E7289C3BA0006644DD /* z.png in Resources */,
				039C30E1289C3BA0006644DD /* correctsmall.png in Resources */,
				039C30CF289C3BA0006644DD /* f.png in Resources */,
				039C30E5289C3BA0006644DD /* h.png in Resources */,
				039C30BC289C3BA0006644DD /* a.png in Resources */,
				039C30C1289C3BA0006644DD /* k.png in Resources */,
				039C30D3289C3BA0006644DD /* i.png in Resources */,
				039C30DA289C3BA0006644DD /* w.png in Resources */,
				039C30C8289C3BA0006644DD /* correct.png in Resources */,
				039C30C9289C3BA0006644DD /* aforapplenoshadow.png in Resources */,
				039C30C0289C3BA0006644DD /* x.png in Resources */,
				039C30D9289C3BA0006644DD /* o.png in Resources */,
				039C30B5289C3BA0006644DD /* e.png in Resources */,
				039C30D4289C3BA0006644DD /* bnoshadow.png in Resources */,
				039C30C6289C3BA0006644DD /* m.png in Resources */,
				039C30E6289C3BA0006644DD /* untitled.png in Resources */,
				039C30C5289C3BA0006644DD /* homewhitebig.png in Resources */,
				039C30BB289C3BA0006644DD /* aboutbackround.png in Resources */,
				039C30CA289C3BA0006644DD /* abcnew.png in Resources */,
				039C30B8289C3BA0006644DD /* y.png in Resources */,
				039C30C3289C3BA0006644DD /* ic_launcher_foreground.xml in Resources */,
				039C30DD289C3BA0006644DD /* g.png in Resources */,
				039C30E3289C3BA0006644DD /* logo.png in Resources */,
				039C30E0289C3BA0006644DD /* cnew.png in Resources */,
				039C30B9289C3BA0006644DD /* bnew.png in Resources */,
				039C30D5289C3BA0006644DD /* play.png in Resources */,
				039C30E9289C3BA0006644DD /* home.png in Resources */,
				039C30DE289C3BA0006644DD /* incorrect.png in Resources */,
				03DA4C50289B43BB00D52400 /* c.mp3 in Resources */,
				039C30BE289C3BA0006644DD /* playicon.png in Resources */,
				03F8C6FD28980EFE00C9A945 /* Main.storyboard in Resources */,
				039C30D8289C3BA0006644DD /* incorrectsmall.png in Resources */,
			);
			runOnlyForDeploymentPostprocessing = 0;
		};
		03F8C70628980F0000C9A945 /* Resources */ = {
			isa = PBXResourcesBuildPhase;
			buildActionMask = 2147483647;
			files = (
			);
			runOnlyForDeploymentPostprocessing = 0;
		};
		03F8C71028980F0000C9A945 /* Resources */ = {
			isa = PBXResourcesBuildPhase;
			buildActionMask = 2147483647;
			files = (
			);
			runOnlyForDeploymentPostprocessing = 0;
		};
/* End PBXResourcesBuildPhase section */

/* Begin PBXSourcesBuildPhase section */
		03F8C6EE28980EFE00C9A945 /* Sources */ = {
			isa = PBXSourcesBuildPhase;
			buildActionMask = 2147483647;
			files = (
				03F8C6FA28980EFE00C9A945 /* ViewController.swift in Sources */,
				039C30F0289D5EA2006644DD /* SuccessViewController.swift in Sources */,
				03F8C6F628980EFE00C9A945 /* AppDelegate.swift in Sources */,
				03F8C6F828980EFE00C9A945 /* SceneDelegate.swift in Sources */,
				03F8C728289836D400C9A945 /* SecondViewController.swift in Sources */,
				03F8C72A289836E700C9A945 /* ThirdViewController.swift in Sources */,
				03F8C726289836BC00C9A945 /* FirstViewController.swift in Sources */,
			);
			runOnlyForDeploymentPostprocessing = 0;
		};
		03F8C70428980F0000C9A945 /* Sources */ = {
			isa = PBXSourcesBuildPhase;
			buildActionMask = 2147483647;
			files = (
				03F8C70D28980F0000C9A945 /* EugeneTest1Tests.swift in Sources */,
			);
			runOnlyForDeploymentPostprocessing = 0;
		};
		03F8C70E28980F0000C9A945 /* Sources */ = {
			isa = PBXSourcesBuildPhase;
			buildActionMask = 2147483647;
			files = (
				03F8C71728980F0000C9A945 /* EugeneTest1UITests.swift in Sources */,
				03F8C71928980F0000C9A945 /* EugeneTest1UITestsLaunchTests.swift in Sources */,
			);
			runOnlyForDeploymentPostprocessing = 0;
		};
/* End PBXSourcesBuildPhase section */

/* Begin PBXTargetDependency section */
		03F8C70A28980F0000C9A945 /* PBXTargetDependency */ = {
			isa = PBXTargetDependency;
			target = 03F8C6F128980EFE00C9A945 /* EugeneTest1 */;
			targetProxy = 03F8C70928980F0000C9A945 /* PBXContainerItemProxy */;
		};
		03F8C71428980F0000C9A945 /* PBXTargetDependency */ = {
			isa = PBXTargetDependency;
			target = 03F8C6F128980EFE00C9A945 /* EugeneTest1 */;
			targetProxy = 03F8C71328980F0000C9A945 /* PBXContainerItemProxy */;
		};
/* End PBXTargetDependency section */

/* Begin PBXVariantGroup section */
		03F8C6FB28980EFE00C9A945 /* Main.storyboard */ = {
			isa = PBXVariantGroup;
			children = (
				03F8C6FC28980EFE00C9A945 /* Base */,
			);
			name = Main.storyboard;
			sourceTree = "<group>";
		};
		03F8C70028980F0000C9A945 /* LaunchScreen.storyboard */ = {
			isa = PBXVariantGroup;
			children = (
				03F8C70128980F0000C9A945 /* Base */,
			);
			name = LaunchScreen.storyboard;
			sourceTree = "<group>";
		};
/* End PBXVariantGroup section */

/* Begin XCBuildConfiguration section */
		03F8C71A28980F0000C9A945 /* Debug */ = {
			isa = XCBuildConfiguration;
			buildSettings = {
				ALWAYS_SEARCH_USER_PATHS = NO;
				CLANG_ANALYZER_NONNULL = YES;
				CLANG_ANALYZER_NUMBER_OBJECT_CONVERSION = YES_AGGRESSIVE;
				CLANG_CXX_LANGUAGE_STANDARD = "gnu++17";
				CLANG_ENABLE_MODULES = YES;
				CLANG_ENABLE_OBJC_ARC = YES;
				CLANG_ENABLE_OBJC_WEAK = YES;
				CLANG_WARN_BLOCK_CAPTURE_AUTORELEASING = YES;
				CLANG_WARN_BOOL_CONVERSION = YES;
				CLANG_WARN_COMMA = YES;
				CLANG_WARN_CONSTANT_CONVERSION = YES;
				CLANG_WARN_DEPRECATED_OBJC_IMPLEMENTATIONS = YES;
				CLANG_WARN_DIRECT_OBJC_ISA_USAGE = YES_ERROR;
				CLANG_WARN_DOCUMENTATION_COMMENTS = YES;
				CLANG_WARN_EMPTY_BODY = YES;
				CLANG_WARN_ENUM_CONVERSION = YES;
				CLANG_WARN_INFINITE_RECURSION = YES;
				CLANG_WARN_INT_CONVERSION = YES;
				CLANG_WARN_NON_LITERAL_NULL_CONVERSION = YES;
				CLANG_WARN_OBJC_IMPLICIT_RETAIN_SELF = YES;
				CLANG_WARN_OBJC_LITERAL_CONVERSION = YES;
				CLANG_WARN_OBJC_ROOT_CLASS = YES_ERROR;
				CLANG_WARN_QUOTED_INCLUDE_IN_FRAMEWORK_HEADER = YES;
				CLANG_WARN_RANGE_LOOP_ANALYSIS = YES;
				CLANG_WARN_STRICT_PROTOTYPES = YES;
				CLANG_WARN_SUSPICIOUS_MOVE = YES;
				CLANG_WARN_UNGUARDED_AVAILABILITY = YES_AGGRESSIVE;
				CLANG_WARN_UNREACHABLE_CODE = YES;
				CLANG_WARN__DUPLICATE_METHOD_MATCH = YES;
				COPY_PHASE_STRIP = NO;
				DEBUG_INFORMATION_FORMAT = dwarf;
				ENABLE_STRICT_OBJC_MSGSEND = YES;
				ENABLE_TESTABILITY = YES;
				GCC_C_LANGUAGE_STANDARD = gnu11;
				GCC_DYNAMIC_NO_PIC = NO;
				GCC_NO_COMMON_BLOCKS = YES;
				GCC_OPTIMIZATION_LEVEL = 0;
				GCC_PREPROCESSOR_DEFINITIONS = (
					"DEBUG=1",
					"$(inherited)",
				);
				GCC_WARN_64_TO_32_BIT_CONVERSION = YES;
				GCC_WARN_ABOUT_RETURN_TYPE = YES_ERROR;
				GCC_WARN_UNDECLARED_SELECTOR = YES;
				GCC_WARN_UNINITIALIZED_AUTOS = YES_AGGRESSIVE;
				GCC_WARN_UNUSED_FUNCTION = YES;
				GCC_WARN_UNUSED_VARIABLE = YES;
				IPHONEOS_DEPLOYMENT_TARGET = 15.5;
				MTL_ENABLE_DEBUG_INFO = INCLUDE_SOURCE;
				MTL_FAST_MATH = YES;
				ONLY_ACTIVE_ARCH = YES;
				SDKROOT = iphoneos;
				SWIFT_ACTIVE_COMPILATION_CONDITIONS = DEBUG;
				SWIFT_OPTIMIZATION_LEVEL = "-Onone";
			};
			name = Debug;
		};
		03F8C71B28980F0000C9A945 /* Release */ = {
			isa = XCBuildConfiguration;
			buildSettings = {
				ALWAYS_SEARCH_USER_PATHS = NO;
				CLANG_ANALYZER_NONNULL = YES;
				CLANG_ANALYZER_NUMBER_OBJECT_CONVERSION = YES_AGGRESSIVE;
				CLANG_CXX_LANGUAGE_STANDARD = "gnu++17";
				CLANG_ENABLE_MODULES = YES;
				CLANG_ENABLE_OBJC_ARC = YES;
				CLANG_ENABLE_OBJC_WEAK = YES;
				CLANG_WARN_BLOCK_CAPTURE_AUTORELEASING = YES;
				CLANG_WARN_BOOL_CONVERSION = YES;
				CLANG_WARN_COMMA = YES;
				CLANG_WARN_CONSTANT_CONVERSION = YES;
				CLANG_WARN_DEPRECATED_OBJC_IMPLEMENTATIONS = YES;
				CLANG_WARN_DIRECT_OBJC_ISA_USAGE = YES_ERROR;
				CLANG_WARN_DOCUMENTATION_COMMENTS = YES;
				CLANG_WARN_EMPTY_BODY = YES;
				CLANG_WARN_ENUM_CONVERSION = YES;
				CLANG_WARN_INFINITE_RECURSION = YES;
				CLANG_WARN_INT_CONVERSION = YES;
				CLANG_WARN_NON_LITERAL_NULL_CONVERSION = YES;
				CLANG_WARN_OBJC_IMPLICIT_RETAIN_SELF = YES;
				CLANG_WARN_OBJC_LITERAL_CONVERSION = YES;
				CLANG_WARN_OBJC_ROOT_CLASS = YES_ERROR;
				CLANG_WARN_QUOTED_INCLUDE_IN_FRAMEWORK_HEADER = YES;
				CLANG_WARN_RANGE_LOOP_ANALYSIS = YES;
				CLANG_WARN_STRICT_PROTOTYPES = YES;
				CLANG_WARN_SUSPICIOUS_MOVE = YES;
				CLANG_WARN_UNGUARDED_AVAILABILITY = YES_AGGRESSIVE;
				CLANG_WARN_UNREACHABLE_CODE = YES;
				CLANG_WARN__DUPLICATE_METHOD_MATCH = YES;
				COPY_PHASE_STRIP = NO;
				DEBUG_INFORMATION_FORMAT = "dwarf-with-dsym";
				ENABLE_NS_ASSERTIONS = NO;
				ENABLE_STRICT_OBJC_MSGSEND = YES;
				GCC_C_LANGUAGE_STANDARD = gnu11;
				GCC_NO_COMMON_BLOCKS = YES;
				GCC_WARN_64_TO_32_BIT_CONVERSION = YES;
				GCC_WARN_ABOUT_RETURN_TYPE = YES_ERROR;
				GCC_WARN_UNDECLARED_SELECTOR = YES;
				GCC_WARN_UNINITIALIZED_AUTOS = YES_AGGRESSIVE;
				GCC_WARN_UNUSED_FUNCTION = YES;
				GCC_WARN_UNUSED_VARIABLE = YES;
				IPHONEOS_DEPLOYMENT_TARGET = 15.5;
				MTL_ENABLE_DEBUG_INFO = NO;
				MTL_FAST_MATH = YES;
				SDKROOT = iphoneos;
				SWIFT_COMPILATION_MODE = wholemodule;
				SWIFT_OPTIMIZATION_LEVEL = "-O";
				VALIDATE_PRODUCT = YES;
			};
			name = Release;
		};
		03F8C71D28980F0000C9A945 /* Debug */ = {
			isa = XCBuildConfiguration;
			buildSettings = {
				ASSETCATALOG_COMPILER_APPICON_NAME = AppIcon;
				ASSETCATALOG_COMPILER_GLOBAL_ACCENT_COLOR_NAME = AccentColor;
				CODE_SIGN_STYLE = Automatic;
				CURRENT_PROJECT_VERSION = 1;
				DEVELOPMENT_TEAM = QWY8ML9596;
				GENERATE_INFOPLIST_FILE = YES;
				INFOPLIST_FILE = EugeneTest1/Info.plist;
				INFOPLIST_KEY_CFBundleDisplayName = "Abc Eugene Test";
				INFOPLIST_KEY_LSApplicationCategoryType = "";
				INFOPLIST_KEY_UIApplicationSupportsIndirectInputEvents = YES;
				INFOPLIST_KEY_UILaunchStoryboardName = LaunchScreen;
				INFOPLIST_KEY_UIMainStoryboardFile = Main;
				INFOPLIST_KEY_UIRequiresFullScreen = NO;
				INFOPLIST_KEY_UISupportedInterfaceOrientations = UIInterfaceOrientationPortraitUpsideDown;
				INFOPLIST_KEY_UISupportedInterfaceOrientations_iPad = UIInterfaceOrientationPortrait;
				INFOPLIST_KEY_UISupportedInterfaceOrientations_iPhone = UIInterfaceOrientationPortrait;
				LD_RUNPATH_SEARCH_PATHS = (
					"$(inherited)",
					"@executable_path/Frameworks",
				);
				MARKETING_VERSION = 1.0;
				PRODUCT_BUNDLE_IDENTIFIER = com.eugetests.EugeneTest1;
				PRODUCT_NAME = "$(TARGET_NAME)";
				SWIFT_EMIT_LOC_STRINGS = YES;
				SWIFT_VERSION = 5.0;
				TARGETED_DEVICE_FAMILY = "1,2";
			};
			name = Debug;
		};
		03F8C71E28980F0000C9A945 /* Release */ = {
			isa = XCBuildConfiguration;
			buildSettings = {
				ASSETCATALOG_COMPILER_APPICON_NAME = AppIcon;
				ASSETCATALOG_COMPILER_GLOBAL_ACCENT_COLOR_NAME = AccentColor;
				CODE_SIGN_STYLE = Automatic;
				CURRENT_PROJECT_VERSION = 1;
				DEVELOPMENT_TEAM = QWY8ML9596;
				GENERATE_INFOPLIST_FILE = YES;
				INFOPLIST_FILE = EugeneTest1/Info.plist;
				INFOPLIST_KEY_CFBundleDisplayName = "Abc Eugene Test";
				INFOPLIST_KEY_LSApplicationCategoryType = "";
				INFOPLIST_KEY_UIApplicationSupportsIndirectInputEvents = YES;
				INFOPLIST_KEY_UILaunchStoryboardName = LaunchScreen;
				INFOPLIST_KEY_UIMainStoryboardFile = Main;
				INFOPLIST_KEY_UIRequiresFullScreen = NO;
				INFOPLIST_KEY_UISupportedInterfaceOrientations = UIInterfaceOrientationPortraitUpsideDown;
				INFOPLIST_KEY_UISupportedInterfaceOrientations_iPad = UIInterfaceOrientationPortrait;
				INFOPLIST_KEY_UISupportedInterfaceOrientations_iPhone = UIInterfaceOrientationPortrait;
				LD_RUNPATH_SEARCH_PATHS = (
					"$(inherited)",
					"@executable_path/Frameworks",
				);
				MARKETING_VERSION = 1.0;
				PRODUCT_BUNDLE_IDENTIFIER = com.eugetests.EugeneTest1;
				PRODUCT_NAME = "$(TARGET_NAME)";
				SWIFT_EMIT_LOC_STRINGS = YES;
				SWIFT_VERSION = 5.0;
				TARGETED_DEVICE_FAMILY = "1,2";
			};
			name = Release;
		};
		03F8C72028980F0000C9A945 /* Debug */ = {
			isa = XCBuildConfiguration;
			buildSettings = {
				ALWAYS_EMBED_SWIFT_STANDARD_LIBRARIES = YES;
				BUNDLE_LOADER = "$(TEST_HOST)";
				CODE_SIGN_STYLE = Automatic;
				CURRENT_PROJECT_VERSION = 1;
				DEVELOPMENT_TEAM = QWY8ML9596;
				GENERATE_INFOPLIST_FILE = YES;
				IPHONEOS_DEPLOYMENT_TARGET = 15.5;
				MARKETING_VERSION = 1.0;
				PRODUCT_BUNDLE_IDENTIFIER = com.eugetests.EugeneTest1Tests;
				PRODUCT_NAME = "$(TARGET_NAME)";
				SWIFT_EMIT_LOC_STRINGS = NO;
				SWIFT_VERSION = 5.0;
				TARGETED_DEVICE_FAMILY = "1,2";
				TEST_HOST = "$(BUILT_PRODUCTS_DIR)/EugeneTest1.app/EugeneTest1";
			};
			name = Debug;
		};
		03F8C72128980F0000C9A945 /* Release */ = {
			isa = XCBuildConfiguration;
			buildSettings = {
				ALWAYS_EMBED_SWIFT_STANDARD_LIBRARIES = YES;
				BUNDLE_LOADER = "$(TEST_HOST)";
				CODE_SIGN_STYLE = Automatic;
				CURRENT_PROJECT_VERSION = 1;
				DEVELOPMENT_TEAM = QWY8ML9596;
				GENERATE_INFOPLIST_FILE = YES;
				IPHONEOS_DEPLOYMENT_TARGET = 15.5;
				MARKETING_VERSION = 1.0;
				PRODUCT_BUNDLE_IDENTIFIER = com.eugetests.EugeneTest1Tests;
				PRODUCT_NAME = "$(TARGET_NAME)";
				SWIFT_EMIT_LOC_STRINGS = NO;
				SWIFT_VERSION = 5.0;
				TARGETED_DEVICE_FAMILY = "1,2";
				TEST_HOST = "$(BUILT_PRODUCTS_DIR)/EugeneTest1.app/EugeneTest1";
			};
			name = Release;
		};
		03F8C72328980F0000C9A945 /* Debug */ = {
			isa = XCBuildConfiguration;
			buildSettings = {
				ALWAYS_EMBED_SWIFT_STANDARD_LIBRARIES = YES;
				CODE_SIGN_STYLE = Automatic;
				CURRENT_PROJECT_VERSION = 1;
				DEVELOPMENT_TEAM = QWY8ML9596;
				GENERATE_INFOPLIST_FILE = YES;
				MARKETING_VERSION = 1.0;
				PRODUCT_BUNDLE_IDENTIFIER = com.eugetests.EugeneTest1UITests;
				PRODUCT_NAME = "$(TARGET_NAME)";
				SWIFT_EMIT_LOC_STRINGS = NO;
				SWIFT_VERSION = 5.0;
				TARGETED_DEVICE_FAMILY = "1,2";
				TEST_TARGET_NAME = EugeneTest1;
			};
			name = Debug;
		};
		03F8C72428980F0000C9A945 /* Release */ = {
			isa = XCBuildConfiguration;
			buildSettings = {
				ALWAYS_EMBED_SWIFT_STANDARD_LIBRARIES = YES;
				CODE_SIGN_STYLE = Automatic;
				CURRENT_PROJECT_VERSION = 1;
				DEVELOPMENT_TEAM = QWY8ML9596;
				GENERATE_INFOPLIST_FILE = YES;
				MARKETING_VERSION = 1.0;
				PRODUCT_BUNDLE_IDENTIFIER = com.eugetests.EugeneTest1UITests;
				PRODUCT_NAME = "$(TARGET_NAME)";
				SWIFT_EMIT_LOC_STRINGS = NO;
				SWIFT_VERSION = 5.0;
				TARGETED_DEVICE_FAMILY = "1,2";
				TEST_TARGET_NAME = EugeneTest1;
			};
			name = Release;
		};
/* End XCBuildConfiguration section */

/* Begin XCConfigurationList section */
		03F8C6ED28980EFE00C9A945 /* Build configuration list for PBXProject "EugeneTest1" */ = {
			isa = XCConfigurationList;
			buildConfigurations = (
				03F8C71A28980F0000C9A945 /* Debug */,
				03F8C71B28980F0000C9A945 /* Release */,
			);
			defaultConfigurationIsVisible = 0;
			defaultConfigurationName = Release;
		};
		03F8C71C28980F0000C9A945 /* Build configuration list for PBXNativeTarget "EugeneTest1" */ = {
			isa = XCConfigurationList;
			buildConfigurations = (
				03F8C71D28980F0000C9A945 /* Debug */,
				03F8C71E28980F0000C9A945 /* Release */,
			);
			defaultConfigurationIsVisible = 0;
			defaultConfigurationName = Release;
		};
		03F8C71F28980F0000C9A945 /* Build configuration list for PBXNativeTarget "EugeneTest1Tests" */ = {
			isa = XCConfigurationList;
			buildConfigurations = (
				03F8C72028980F0000C9A945 /* Debug */,
				03F8C72128980F0000C9A945 /* Release */,
			);
			defaultConfigurationIsVisible = 0;
			defaultConfigurationName = Release;
		};
		03F8C72228980F0000C9A945 /* Build configuration list for PBXNativeTarget "EugeneTest1UITests" */ = {
			isa = XCConfigurationList;
			buildConfigurations = (
				03F8C72328980F0000C9A945 /* Debug */,
				03F8C72428980F0000C9A945 /* Release */,
			);
			defaultConfigurationIsVisible = 0;
			defaultConfigurationName = Release;
		};
/* End XCConfigurationList section */
	};
	rootObject = 03F8C6EA28980EFE00C9A945 /* Project object */;
}
